
Microsoft Visual Studio Solution File, Format Version 12.00
# Visual Studio 2012
Project("{2150E333-8FDC-42A3-9474-1A3956D46DE8}") = ".nuget", ".nuget", "{FE317A5A-E540-401C-994F-353A1349C70B}"
	ProjectSection(SolutionItems) = preProject
		.nuget\NuGet.Config = .nuget\NuGet.Config
		.nuget\NuGet.exe = .nuget\NuGet.exe
		.nuget\NuGet.targets = .nuget\NuGet.targets
	EndProjectSection
EndProject
Project("{2150E333-8FDC-42A3-9474-1A3956D46DE8}") = "Solution Items", "Solution Items", "{9A42F567-91B0-4FFB-A9AD-DB0D158784EA}"
	ProjectSection(SolutionItems) = preProject
		build.bat = build.bat
		CHANGELOG.md = CHANGELOG.md
		create-nuget.bat = create-nuget.bat
		Publishing\Metrics.Log4Net.nuspec = Publishing\Metrics.Log4Net.nuspec
		Publishing\push-nuget.bat = Publishing\push-nuget.bat
		SharedAssemblyInfo.cs = SharedAssemblyInfo.cs
	EndProjectSection
EndProject
Project("{FAE04EC0-301F-11D3-BF4B-00C04F79EFBC}") = "Metrics.Log4Net", "Src\Metrics.Log4Net\Metrics.Log4Net.csproj", "{77D8B734-D1A0-4579-B3FB-FF77CDC36285}"
EndProject
Project("{FAE04EC0-301F-11D3-BF4B-00C04F79EFBC}") = "Metrics.Log4Net.Tests", "Src\Metrics.Log4Net.Tests\Metrics.Log4Net.Tests.csproj", "{763ADFFD-56FF-4E88-83EF-FD79C17C37F7}"
EndProject
Project("{2150E333-8FDC-42A3-9474-1A3956D46DE8}") = "Samples", "Samples", "{BB5E8916-93D4-4900-8A71-E4EE2F0D9EE2}"
EndProject
Project("{FAE04EC0-301F-11D3-BF4B-00C04F79EFBC}") = "Metrics.Log4Net.Console", "Samples\Metrics.Log4Net.Console\Metrics.Log4Net.Console.csproj", "{95DD9E3D-61BC-4AE6-9843-026E75B674BF}"
EndProject
Project("{2150E333-8FDC-42A3-9474-1A3956D46DE8}") = "Src", "Src", "{1A25000B-8E82-4C20-BDB1-0B3812CEA0CB}"
EndProject
Global
	GlobalSection(SolutionConfigurationPlatforms) = preSolution
		Debug|Any CPU = Debug|Any CPU
		Release|Any CPU = Release|Any CPU
	EndGlobalSection
	GlobalSection(ProjectConfigurationPlatforms) = postSolution
		{77D8B734-D1A0-4579-B3FB-FF77CDC36285}.Debug|Any CPU.ActiveCfg = Debug|Any CPU
		{77D8B734-D1A0-4579-B3FB-FF77CDC36285}.Debug|Any CPU.Build.0 = Debug|Any CPU
		{77D8B734-D1A0-4579-B3FB-FF77CDC36285}.Release|Any CPU.ActiveCfg = Release|Any CPU
		{77D8B734-D1A0-4579-B3FB-FF77CDC36285}.Release|Any CPU.Build.0 = Release|Any CPU
		{763ADFFD-56FF-4E88-83EF-FD79C17C37F7}.Debug|Any CPU.ActiveCfg = Debug|Any CPU
		{763ADFFD-56FF-4E88-83EF-FD79C17C37F7}.Debug|Any CPU.Build.0 = Debug|Any CPU
		{763ADFFD-56FF-4E88-83EF-FD79C17C37F7}.Release|Any CPU.ActiveCfg = Release|Any CPU
		{763ADFFD-56FF-4E88-83EF-FD79C17C37F7}.Release|Any CPU.Build.0 = Release|Any CPU
		{95DD9E3D-61BC-4AE6-9843-026E75B674BF}.Debug|Any CPU.ActiveCfg = Debug|Any CPU
		{95DD9E3D-61BC-4AE6-9843-026E75B674BF}.Debug|Any CPU.Build.0 = Debug|Any CPU
		{95DD9E3D-61BC-4AE6-9843-026E75B674BF}.Release|Any CPU.ActiveCfg = Release|Any CPU
		{95DD9E3D-61BC-4AE6-9843-026E75B674BF}.Release|Any CPU.Build.0 = Release|Any CPU
	EndGlobalSection
	GlobalSection(SolutionProperties) = preSolution
		HideSolutionNode = FALSE
	EndGlobalSection
	GlobalSection(NestedProjects) = preSolution
		{95DD9E3D-61BC-4AE6-9843-026E75B674BF} = {BB5E8916-93D4-4900-8A71-E4EE2F0D9EE2}
		{77D8B734-D1A0-4579-B3FB-FF77CDC36285} = {1A25000B-8E82-4C20-BDB1-0B3812CEA0CB}
		{763ADFFD-56FF-4E88-83EF-FD79C17C37F7} = {1A25000B-8E82-4C20-BDB1-0B3812CEA0CB}
	EndGlobalSection
	GlobalSection(CodealikeProperties) = postSolution
		SolutionGuid = 169deccf-e8f8-4868-80f4-f7f0bb71cb4b
	EndGlobalSection
EndGlobal
